// !$*UTF8*$!
{
	archiveVersion = 1;
	classes = {
	};
	objectVersion = 45;
	objects = {

/* Begin PBXBuildFile section */
		1D60589F0D05DD5A006BFB54 /* Foundation.framework in Frameworks */ = {isa = PBXBuildFile; fileRef = 1D30AB110D05D00D00671497 /* Foundation.framework */; };
		1DF5F4E00D08C38300B7A737 /* UIKit.framework in Frameworks */ = {isa = PBXBuildFile; fileRef = 1DF5F4DF0D08C38300B7A737 /* UIKit.framework */; };
		288765FD0DF74451002DB57D /* CoreGraphics.framework in Frameworks */ = {isa = PBXBuildFile; fileRef = 288765FC0DF74451002DB57D /* CoreGraphics.framework */; };
		7DB8A5B31086D4C100C1FD1D /* AudioToolbox.framework in Frameworks */ = {isa = PBXBuildFile; fileRef = 7DB8A5B21086D4C100C1FD1D /* AudioToolbox.framework */; };
		7DD43FE710C097C90063020D /* PSWSnapshotPageView.m in Sources */ = {isa = PBXBuildFile; fileRef = 7DD43FE610C097C90063020D /* PSWSnapshotPageView.m */; };
		7DD5643210CA325A00771158 /* PSWSnapshotView.m in Sources */ = {isa = PBXBuildFile; fileRef = 7DD5643110CA325A00771158 /* PSWSnapshotView.m */; };
		942FC5E310CB8DCF006F6990 /* PSWApplication.m in Sources */ = {isa = PBXBuildFile; fileRef = 942FC5E210CB8DCF006F6990 /* PSWApplication.m */; };
		942FC6BC10CB9D1D006F6990 /* PSWApplicationController.m in Sources */ = {isa = PBXBuildFile; fileRef = 942FC6BB10CB9D1D006F6990 /* PSWApplicationController.m */; };
		942FC6C310CBA11F006F6990 /* PSWDisplayStacks.m in Sources */ = {isa = PBXBuildFile; fileRef = 942FC6C210CBA11F006F6990 /* PSWDisplayStacks.m */; };
		942FC77B10CBB8F7006F6990 /* PSWResources.m in Sources */ = {isa = PBXBuildFile; fileRef = 942FC77A10CBB8F7006F6990 /* PSWResources.m */; };
		945C24FB10C22AFA0089A705 /* PSWProSwitcherIcon.m in Sources */ = {isa = PBXBuildFile; fileRef = 945C24FA10C22AFA0089A705 /* PSWProSwitcherIcon.m */; };
		949485F110C1FC3800467E51 /* QuartzCore.framework in Frameworks */ = {isa = PBXBuildFile; fileRef = 949485F010C1FC3800467E51 /* QuartzCore.framework */; };
		94B298C410C2266400F64150 /* PSWViewController.m in Sources */ = {isa = PBXBuildFile; fileRef = 94B298C210C2266400F64150 /* PSWViewController.m */; };
/* End PBXBuildFile section */

/* Begin PBXFileReference section */
		1D30AB110D05D00D00671497 /* Foundation.framework */ = {isa = PBXFileReference; lastKnownFileType = wrapper.framework; name = Foundation.framework; path = System/Library/Frameworks/Foundation.framework; sourceTree = SDKROOT; };
		1DF5F4DF0D08C38300B7A737 /* UIKit.framework */ = {isa = PBXFileReference; lastKnownFileType = wrapper.framework; name = UIKit.framework; path = System/Library/Frameworks/UIKit.framework; sourceTree = SDKROOT; };
		288765FC0DF74451002DB57D /* CoreGraphics.framework */ = {isa = PBXFileReference; lastKnownFileType = wrapper.framework; name = CoreGraphics.framework; path = System/Library/Frameworks/CoreGraphics.framework; sourceTree = SDKROOT; };
		7DB8A5B21086D4C100C1FD1D /* AudioToolbox.framework */ = {isa = PBXFileReference; lastKnownFileType = wrapper.framework; name = AudioToolbox.framework; path = System/Library/Frameworks/AudioToolbox.framework; sourceTree = SDKROOT; };
		7DB8A6121086DAE500C1FD1D /* ProSwitcher.app */ = {isa = PBXFileReference; explicitFileType = wrapper.application; includeInIndex = 0; path = ProSwitcher.app; sourceTree = BUILT_PRODUCTS_DIR; };
		7DD43FE510C097C90063020D /* PSWSnapshotPageView.h */ = {isa = PBXFileReference; fileEncoding = 4; lastKnownFileType = sourcecode.c.h; path = PSWSnapshotPageView.h; sourceTree = "<group>"; };
		7DD43FE610C097C90063020D /* PSWSnapshotPageView.m */ = {isa = PBXFileReference; fileEncoding = 4; lastKnownFileType = sourcecode.c.objc; path = PSWSnapshotPageView.m; sourceTree = "<group>"; };
		7DD5643010CA325A00771158 /* PSWSnapshotView.h */ = {isa = PBXFileReference; fileEncoding = 4; lastKnownFileType = sourcecode.c.h; path = PSWSnapshotView.h; sourceTree = "<group>"; };
		7DD5643110CA325A00771158 /* PSWSnapshotView.m */ = {isa = PBXFileReference; fileEncoding = 4; lastKnownFileType = sourcecode.c.objc; path = PSWSnapshotView.m; sourceTree = "<group>"; };
		7DE9723210CDD727001262FC /* LICENSE */ = {isa = PBXFileReference; fileEncoding = 4; lastKnownFileType = text; path = LICENSE; sourceTree = "<group>"; };
		940499DF10DE37EC0007872E /* SBUIController+CategoriesSB.h */ = {isa = PBXFileReference; fileEncoding = 4; lastKnownFileType = sourcecode.c.h; path = "SBUIController+CategoriesSB.h"; sourceTree = "<group>"; };
		942FC5E110CB8DCF006F6990 /* PSWApplication.h */ = {isa = PBXFileReference; fileEncoding = 4; lastKnownFileType = sourcecode.c.h; path = PSWApplication.h; sourceTree = "<group>"; };
		942FC5E210CB8DCF006F6990 /* PSWApplication.m */ = {isa = PBXFileReference; fileEncoding = 4; lastKnownFileType = sourcecode.c.objc; path = PSWApplication.m; sourceTree = "<group>"; };
		942FC6BA10CB9D1D006F6990 /* PSWApplicationController.h */ = {isa = PBXFileReference; fileEncoding = 4; lastKnownFileType = sourcecode.c.h; path = PSWApplicationController.h; sourceTree = "<group>"; };
		942FC6BB10CB9D1D006F6990 /* PSWApplicationController.m */ = {isa = PBXFileReference; fileEncoding = 4; lastKnownFileType = sourcecode.c.objc; path = PSWApplicationController.m; sourceTree = "<group>"; };
		942FC6C110CBA11F006F6990 /* PSWDisplayStacks.h */ = {isa = PBXFileReference; fileEncoding = 4; lastKnownFileType = sourcecode.c.h; path = PSWDisplayStacks.h; sourceTree = "<group>"; };
		942FC6C210CBA11F006F6990 /* PSWDisplayStacks.m */ = {isa = PBXFileReference; fileEncoding = 4; lastKnownFileType = sourcecode.c.objc; path = PSWDisplayStacks.m; sourceTree = "<group>"; };
		942FC77910CBB8F7006F6990 /* PSWResources.h */ = {isa = PBXFileReference; fileEncoding = 4; lastKnownFileType = sourcecode.c.h; path = PSWResources.h; sourceTree = "<group>"; };
		942FC77A10CBB8F7006F6990 /* PSWResources.m */ = {isa = PBXFileReference; fileEncoding = 4; lastKnownFileType = sourcecode.c.objc; path = PSWResources.m; sourceTree = "<group>"; };
		943D53BB10CCEA400007FAFF /* IOSurface.framework */ = {isa = PBXFileReference; comments = "Included manually by specifying \"-framework IOSurface\" in the link flags only for certain build configurations"; lastKnownFileType = wrapper.framework; name = IOSurface.framework; path = System/Library/PrivateFrameworks/IOSurface.framework; sourceTree = SDKROOT; };
		943D541710CCF8230007FAFF /* post-build.sh */ = {isa = PBXFileReference; fileEncoding = 4; lastKnownFileType = text.script.sh; path = "post-build.sh"; sourceTree = "<group>"; };
		943D541910CCF9750007FAFF /* control */ = {isa = PBXFileReference; fileEncoding = 4; lastKnownFileType = text; path = control; sourceTree = "<group>"; };
		943D541A10CCF9750007FAFF /* preinst */ = {isa = PBXFileReference; fileEncoding = 4; lastKnownFileType = text.script.sh; path = preinst; sourceTree = "<group>"; };
		943D541B10CCF9750007FAFF /* prerm */ = {isa = PBXFileReference; fileEncoding = 4; lastKnownFileType = text.script.sh; path = prerm; sourceTree = "<group>"; };
		943D541E10CCF9EC0007FAFF /* ProSwitcher.app */ = {isa = PBXFileReference; lastKnownFileType = wrapper.application; path = ProSwitcher.app; sourceTree = "<group>"; };
		943D542210CCF9EC0007FAFF /* ProSwitcher.plist */ = {isa = PBXFileReference; fileEncoding = 4; lastKnownFileType = text.plist; path = ProSwitcher.plist; sourceTree = "<group>"; };
		943D542510CCF9EC0007FAFF /* ProSwitcher.plist */ = {isa = PBXFileReference; fileEncoding = 4; lastKnownFileType = text.plist.xml; path = ProSwitcher.plist; sourceTree = "<group>"; };
		943D546410CCFA510007FAFF /* SpringBoard+Backgrounder.h */ = {isa = PBXFileReference; fileEncoding = 4; lastKnownFileType = sourcecode.c.h; path = "SpringBoard+Backgrounder.h"; sourceTree = "<group>"; };
		943D54F910CD06DA0007FAFF /* README */ = {isa = PBXFileReference; fileEncoding = 4; lastKnownFileType = text; path = README; sourceTree = "<group>"; };
		945C24FA10C22AFA0089A705 /* PSWProSwitcherIcon.m */ = {isa = PBXFileReference; fileEncoding = 4; lastKnownFileType = sourcecode.c.objc; path = PSWProSwitcherIcon.m; sourceTree = "<group>"; };
		949485F010C1FC3800467E51 /* QuartzCore.framework */ = {isa = PBXFileReference; lastKnownFileType = wrapper.framework; name = QuartzCore.framework; path = System/Library/Frameworks/QuartzCore.framework; sourceTree = SDKROOT; };
		94B298C210C2266400F64150 /* PSWViewController.m */ = {isa = PBXFileReference; fileEncoding = 4; lastKnownFileType = sourcecode.c.objc; path = PSWViewController.m; sourceTree = "<group>"; };
		94B298C310C2266400F64150 /* PSWViewController.h */ = {isa = PBXFileReference; fileEncoding = 4; lastKnownFileType = sourcecode.c.h; path = PSWViewController.h; sourceTree = "<group>"; };
		94EEDE2C10D47425007133E9 /* Info.plist */ = {isa = PBXFileReference; fileEncoding = 4; lastKnownFileType = text.plist; path = Info.plist; sourceTree = "<group>"; };
		94EEDE3510D474AC007133E9 /* libactivator.h */ = {isa = PBXFileReference; fileEncoding = 4; lastKnownFileType = sourcecode.c.h; path = libactivator.h; sourceTree = "<group>"; };
/* End PBXFileReference section */

/* Begin PBXFrameworksBuildPhase section */
		1D60588F0D05DD3D006BFB54 /* Frameworks */ = {
			isa = PBXFrameworksBuildPhase;
			buildActionMask = 2147483647;
			comments = "Additionally, IOSurface is linked on iPhone OS targets";
			files = (
				1D60589F0D05DD5A006BFB54 /* Foundation.framework in Frameworks */,
				1DF5F4E00D08C38300B7A737 /* UIKit.framework in Frameworks */,
				288765FD0DF74451002DB57D /* CoreGraphics.framework in Frameworks */,
				7DB8A5B31086D4C100C1FD1D /* AudioToolbox.framework in Frameworks */,
				949485F110C1FC3800467E51 /* QuartzCore.framework in Frameworks */,
			);
			runOnlyForDeploymentPostprocessing = 0;
		};
/* End PBXFrameworksBuildPhase section */

/* Begin PBXGroup section */
		19C28FACFE9D520D11CA2CBB /* Products */ = {
			isa = PBXGroup;
			children = (
				7DB8A6121086DAE500C1FD1D /* ProSwitcher.app */,
			);
			name = Products;
			sourceTree = "<group>";
		};
		29B97314FDCFA39411CA2CEA /* CustomTemplate */ = {
			isa = PBXGroup;
			children = (
				7DE9723210CDD727001262FC /* LICENSE */,
				943D54F910CD06DA0007FAFF /* README */,
				943D546310CCFA510007FAFF /* Headers */,
				7DD43FE410C0979E0063020D /* Code */,
				29B97323FDCFA39411CA2CEA /* Frameworks */,
				19C28FACFE9D520D11CA2CBB /* Products */,
				943D541C10CCF9EC0007FAFF /* File System */,
				943D541810CCF9750007FAFF /* Packaging */,
				943D541610CCF8230007FAFF /* Build Scripts */,
			);
			name = CustomTemplate;
			sourceTree = "<group>";
		};
		29B97323FDCFA39411CA2CEA /* Frameworks */ = {
			isa = PBXGroup;
			children = (
				943D53BB10CCEA400007FAFF /* IOSurface.framework */,
				949485F010C1FC3800467E51 /* QuartzCore.framework */,
				7DB8A5B21086D4C100C1FD1D /* AudioToolbox.framework */,
				1DF5F4DF0D08C38300B7A737 /* UIKit.framework */,
				1D30AB110D05D00D00671497 /* Foundation.framework */,
				288765FC0DF74451002DB57D /* CoreGraphics.framework */,
			);
			name = Frameworks;
			sourceTree = "<group>";
		};
		7DD43FE410C0979E0063020D /* Code */ = {
			isa = PBXGroup;
			children = (
				942FC5E110CB8DCF006F6990 /* PSWApplication.h */,
				942FC5E210CB8DCF006F6990 /* PSWApplication.m */,
				942FC6BA10CB9D1D006F6990 /* PSWApplicationController.h */,
				942FC6BB10CB9D1D006F6990 /* PSWApplicationController.m */,
				942FC77910CBB8F7006F6990 /* PSWResources.h */,
				942FC77A10CBB8F7006F6990 /* PSWResources.m */,
				7DD5643010CA325A00771158 /* PSWSnapshotView.h */,
				7DD5643110CA325A00771158 /* PSWSnapshotView.m */,
				7DD43FE510C097C90063020D /* PSWSnapshotPageView.h */,
				7DD43FE610C097C90063020D /* PSWSnapshotPageView.m */,
				94B298C310C2266400F64150 /* PSWViewController.h */,
				94B298C210C2266400F64150 /* PSWViewController.m */,
				942FC6C110CBA11F006F6990 /* PSWDisplayStacks.h */,
				942FC6C210CBA11F006F6990 /* PSWDisplayStacks.m */,
				945C24FA10C22AFA0089A705 /* PSWProSwitcherIcon.m */,
			);
			name = Code;
			sourceTree = "<group>";
		};
		943D541610CCF8230007FAFF /* Build Scripts */ = {
			isa = PBXGroup;
			children = (
				943D541710CCF8230007FAFF /* post-build.sh */,
			);
			path = "Build Scripts";
			sourceTree = "<group>";
		};
		943D541810CCF9750007FAFF /* Packaging */ = {
			isa = PBXGroup;
			children = (
				943D541910CCF9750007FAFF /* control */,
				943D541A10CCF9750007FAFF /* preinst */,
				943D541B10CCF9750007FAFF /* prerm */,
			);
			path = Packaging;
			sourceTree = "<group>";
		};
		943D541C10CCF9EC0007FAFF /* File System */ = {
			isa = PBXGroup;
			children = (
				94EEDE2910D47425007133E9 /* Activator */,
				943D541D10CCF9EC0007FAFF /* Applications */,
				943D541F10CCF9EC0007FAFF /* Library */,
			);
			path = "File System";
			sourceTree = "<group>";
		};
		943D541D10CCF9EC0007FAFF /* Applications */ = {
			isa = PBXGroup;
			children = (
				943D541E10CCF9EC0007FAFF /* ProSwitcher.app */,
			);
			path = Applications;
			sourceTree = "<group>";
		};
		943D541F10CCF9EC0007FAFF /* Library */ = {
			isa = PBXGroup;
			children = (
				943D542010CCF9EC0007FAFF /* MobileSubstrate */,
				943D542310CCF9EC0007FAFF /* PreferenceLoader */,
			);
			path = Library;
			sourceTree = "<group>";
		};
		943D542010CCF9EC0007FAFF /* MobileSubstrate */ = {
			isa = PBXGroup;
			children = (
				943D542110CCF9EC0007FAFF /* DynamicLibraries */,
			);
			path = MobileSubstrate;
			sourceTree = "<group>";
		};
		943D542110CCF9EC0007FAFF /* DynamicLibraries */ = {
			isa = PBXGroup;
			children = (
				943D542210CCF9EC0007FAFF /* ProSwitcher.plist */,
			);
			path = DynamicLibraries;
			sourceTree = "<group>";
		};
		943D542310CCF9EC0007FAFF /* PreferenceLoader */ = {
			isa = PBXGroup;
			children = (
				943D542410CCF9EC0007FAFF /* Preferences */,
			);
			path = PreferenceLoader;
			sourceTree = "<group>";
		};
		943D542410CCF9EC0007FAFF /* Preferences */ = {
			isa = PBXGroup;
			children = (
				943D542510CCF9EC0007FAFF /* ProSwitcher.plist */,
			);
			path = Preferences;
			sourceTree = "<group>";
		};
		943D546310CCFA510007FAFF /* Headers */ = {
			isa = PBXGroup;
			children = (
				94EEDE3510D474AC007133E9 /* libactivator.h */,
				943D546410CCFA510007FAFF /* SpringBoard+Backgrounder.h */,
				940499DF10DE37EC0007872E /* SBUIController+CategoriesSB.h */,
			);
			path = Headers;
			sourceTree = "<group>";
		};
		94EEDE2910D47425007133E9 /* Activator */ = {
			isa = PBXGroup;
			children = (
				94EEDE2A10D47425007133E9 /* Listeners */,
			);
			name = Activator;
			path = Library/Activator;
			sourceTree = "<group>";
		};
		94EEDE2A10D47425007133E9 /* Listeners */ = {
			isa = PBXGroup;
			children = (
				94EEDE2B10D47425007133E9 /* com.collab.proswitcher */,
			);
			path = Listeners;
			sourceTree = "<group>";
		};
		94EEDE2B10D47425007133E9 /* com.collab.proswitcher */ = {
			isa = PBXGroup;
			children = (
				94EEDE2C10D47425007133E9 /* Info.plist */,
			);
			path = com.collab.proswitcher;
			sourceTree = "<group>";
		};
/* End PBXGroup section */

/* Begin PBXNativeTarget section */
		1D6058900D05DD3D006BFB54 /* ProSwitcher */ = {
			isa = PBXNativeTarget;
			buildConfigurationList = 1D6058960D05DD3E006BFB54 /* Build configuration list for PBXNativeTarget "ProSwitcher" */;
			buildPhases = (
				1D60588E0D05DD3D006BFB54 /* Sources */,
				1D60588F0D05DD3D006BFB54 /* Frameworks */,
				943D53DA10CCEE230007FAFF /* Post-Build Script */,
			);
			buildRules = (
			);
			dependencies = (
			);
			name = ProSwitcher;
			productName = ProSwitcher;
			productReference = 7DB8A6121086DAE500C1FD1D /* ProSwitcher.app */;
			productType = "com.apple.product-type.application";
		};
/* End PBXNativeTarget section */

/* Begin PBXProject section */
		29B97313FDCFA39411CA2CEA /* Project object */ = {
			isa = PBXProject;
			buildConfigurationList = C01FCF4E08A954540054247B /* Build configuration list for PBXProject "ProSwitcher" */;
			compatibilityVersion = "Xcode 3.1";
			hasScannedForEncodings = 1;
			mainGroup = 29B97314FDCFA39411CA2CEA /* CustomTemplate */;
			projectDirPath = "";
			projectRoot = "";
			targets = (
				1D6058900D05DD3D006BFB54 /* ProSwitcher */,
			);
		};
/* End PBXProject section */

/* Begin PBXShellScriptBuildPhase section */
		943D53DA10CCEE230007FAFF /* Post-Build Script */ = {
			isa = PBXShellScriptBuildPhase;
			buildActionMask = 2147483647;
			files = (
			);
			inputPaths = (
				"$(PROJECT_DIR)/File System",
			);
			name = "Post-Build Script";
			outputPaths = (
			);
			runOnlyForDeploymentPostprocessing = 0;
			shellPath = /bin/sh;
			shellScript = "\"${PROJECT_DIR}/Build Scripts/post-build.sh\"\nexit $?";
			showEnvVarsInLog = 0;
		};
/* End PBXShellScriptBuildPhase section */

/* Begin PBXSourcesBuildPhase section */
		1D60588E0D05DD3D006BFB54 /* Sources */ = {
			isa = PBXSourcesBuildPhase;
			buildActionMask = 2147483647;
			files = (
				7DD43FE710C097C90063020D /* PSWSnapshotPageView.m in Sources */,
				94B298C410C2266400F64150 /* PSWViewController.m in Sources */,
				945C24FB10C22AFA0089A705 /* PSWProSwitcherIcon.m in Sources */,
				7DD5643210CA325A00771158 /* PSWSnapshotView.m in Sources */,
				942FC5E310CB8DCF006F6990 /* PSWApplication.m in Sources */,
				942FC6BC10CB9D1D006F6990 /* PSWApplicationController.m in Sources */,
				942FC6C310CBA11F006F6990 /* PSWDisplayStacks.m in Sources */,
				942FC77B10CBB8F7006F6990 /* PSWResources.m in Sources */,
			);
			runOnlyForDeploymentPostprocessing = 0;
		};
/* End PBXSourcesBuildPhase section */

/* Begin XCBuildConfiguration section */
		1D6058940D05DD3E006BFB54 /* Debug */ = {
			isa = XCBuildConfiguration;
			buildSettings = {
				ALWAYS_SEARCH_USER_PATHS = NO;
				"CODE_SIGN_IDENTITY[sdk=iphoneos*]" = "iPhone Developer";
				COPY_PHASE_STRIP = NO;
				FRAMEWORK_SEARCH_PATHS = (
					"$(inherited)",
					"\"$(SRCROOT)\"",
					"\"$(SDKROOT)$(SYSTEM_LIBRARY_DIR)/PrivateFrameworks\"",
				);
				GCC_DYNAMIC_NO_PIC = NO;
				GCC_OPTIMIZATION_LEVEL = 0;
				GCC_PRECOMPILE_PREFIX_HEADER = YES;
				GCC_PREFIX_HEADER = ProSwitcher_Prefix.pch;
				GCC_PREPROCESSOR_DEFINITIONS_NOT_USED_IN_PRECOMPS = CHDebug;
				"GCC_PREPROCESSOR_DEFINITIONS_NOT_USED_IN_PRECOMPS[sdk=iphoneos*][arch=*]" = (
					CHDebug,
					USE_IOSURFACE,
				);
				INFOPLIST_FILE = "";
				LIBRARY_SEARCH_PATHS = (
					"$(inherited)",
					"\"$(SRCROOT)\"",
				);
				MACH_O_TYPE = mh_dylib;
				OTHER_LDFLAGS = "-dynamiclib";
				"OTHER_LDFLAGS[sdk=iphoneos*][arch=*]" = (
					"-dynamiclib",
					"-framework",
					IOSurface,
				);
				PRECOMPS_INCLUDE_HEADERS_FROM_BUILT_PRODUCTS_DIR = NO;
				PRODUCT_NAME = ProSwitcher;
				"PROVISIONING_PROFILE[sdk=iphoneos*]" = "";
				SDKROOT = iphoneos3.0;
				SKIP_INSTALL = NO;
			};
			name = Debug;
		};
		1D6058950D05DD3E006BFB54 /* Release */ = {
			isa = XCBuildConfiguration;
			buildSettings = {
				ALWAYS_SEARCH_USER_PATHS = NO;
				"CODE_SIGN_IDENTITY[sdk=iphoneos*]" = "iPhone Developer";
				COPY_PHASE_STRIP = YES;
				FRAMEWORK_SEARCH_PATHS = (
					"$(inherited)",
					"\"$(SRCROOT)\"",
					"\"$(SDKROOT)$(SYSTEM_LIBRARY_DIR)/PrivateFrameworks\"",
				);
				GCC_DYNAMIC_NO_PIC = NO;
				GCC_PRECOMPILE_PREFIX_HEADER = YES;
				GCC_PREFIX_HEADER = ProSwitcher_Prefix.pch;
				GCC_PREPROCESSOR_DEFINITIONS_NOT_USED_IN_PRECOMPS = "";
				"GCC_PREPROCESSOR_DEFINITIONS_NOT_USED_IN_PRECOMPS[sdk=iphoneos*][arch=*]" = USE_IOSURFACE;
				INFOPLIST_FILE = "";
				LIBRARY_SEARCH_PATHS = (
					"$(inherited)",
					"\"$(SRCROOT)\"",
				);
				MACH_O_TYPE = mh_dylib;
				OTHER_LDFLAGS = (
					"-read_only_relocs",
					suppress,
					"-dynamiclib",
				);
				"OTHER_LDFLAGS[sdk=iphoneos*][arch=*]" = (
					"-read_only_relocs",
					suppress,
					"-dynamiclib",
					"-framework",
					IOSurface,
				);
				PRECOMPS_INCLUDE_HEADERS_FROM_BUILT_PRODUCTS_DIR = NO;
				PRODUCT_NAME = ProSwitcher;
				"PROVISIONING_PROFILE[sdk=iphoneos*]" = "";
				SDKROOT = iphoneos3.0;
				SKIP_INSTALL = NO;
			};
			name = Release;
		};
		9424EAAA10DD12E10063D3D6 /* Debug with SubjC */ = {
			isa = XCBuildConfiguration;
			buildSettings = {
				ARCHS = "$(ARCHS_STANDARD_32_BIT)";
				"CODE_SIGN_IDENTITY[sdk=iphoneos*]" = "iPhone Developer";
				GCC_C_LANGUAGE_STANDARD = c99;
				GCC_WARN_ABOUT_RETURN_TYPE = YES;
				GCC_WARN_UNUSED_VARIABLE = YES;
				HEADER_SEARCH_PATHS = "~/Documents/iPhone/Headers";
				INFOPLIST_EXPAND_BUILD_SETTINGS = NO;
				PREBINDING = NO;
				SDKROOT = iphoneos3.0;
			};
			name = "Debug with SubjC";
		};
		9424EAAB10DD12E10063D3D6 /* Debug with SubjC */ = {
			isa = XCBuildConfiguration;
			buildSettings = {
				ALWAYS_SEARCH_USER_PATHS = NO;
				"CODE_SIGN_IDENTITY[sdk=iphoneos*]" = "iPhone Developer";
				COPY_PHASE_STRIP = NO;
				FRAMEWORK_SEARCH_PATHS = (
					"$(inherited)",
					"\"$(SRCROOT)\"",
					"\"$(SDKROOT)$(SYSTEM_LIBRARY_DIR)/PrivateFrameworks\"",
				);
				GCC_DYNAMIC_NO_PIC = NO;
				GCC_OPTIMIZATION_LEVEL = 0;
				GCC_PRECOMPILE_PREFIX_HEADER = YES;
				GCC_PREFIX_HEADER = ProSwitcher_Prefix.pch;
				GCC_PREPROCESSOR_DEFINITIONS_NOT_USED_IN_PRECOMPS = (
					USE_SUBJC,
					CHDebug,
				);
				"GCC_PREPROCESSOR_DEFINITIONS_NOT_USED_IN_PRECOMPS[sdk=iphoneos*][arch=*]" = (
					USE_SUBJC,
					CHDebug,
					USE_IOSURFACE,
				);
				INFOPLIST_FILE = "";
				LIBRARY_SEARCH_PATHS = (
					"$(inherited)",
					"\"$(SRCROOT)\"",
				);
				MACH_O_TYPE = mh_dylib;
				OTHER_LDFLAGS = (
					"-lsubjc",
					"-dynamiclib",
				);
				"OTHER_LDFLAGS[sdk=iphoneos*][arch=*]" = (
					"-lsubjc",
					"-dynamiclib",
					"-framework",
					IOSurface,
				);
				PRECOMPS_INCLUDE_HEADERS_FROM_BUILT_PRODUCTS_DIR = NO;
				PRODUCT_NAME = ProSwitcher;
				"PROVISIONING_PROFILE[sdk=iphoneos*]" = "";
				SDKROOT = iphoneos3.0;
				SKIP_INSTALL = NO;
			};
			name = "Debug with SubjC";
		};
		C01FCF4F08A954540054247B /* Debug */ = {
			isa = XCBuildConfiguration;
			buildSettings = {
				ARCHS = "$(ARCHS_STANDARD_32_BIT)";
				"CODE_SIGN_IDENTITY[sdk=iphoneos*]" = "iPhone Developer";
				GCC_C_LANGUAGE_STANDARD = c99;
				GCC_WARN_ABOUT_RETURN_TYPE = YES;
				GCC_WARN_UNUSED_VARIABLE = YES;
				HEADER_SEARCH_PATHS = "~/Documents/iPhone/Headers";
				INFOPLIST_EXPAND_BUILD_SETTINGS = NO;
				PREBINDING = NO;
				SDKROOT = iphoneos3.0;
			};
			name = Debug;
		};
		C01FCF5008A954540054247B /* Release */ = {
			isa = XCBuildConfiguration;
			buildSettings = {
				ARCHS = "$(ARCHS_STANDARD_32_BIT)";
				"CODE_SIGN_IDENTITY[sdk=iphoneos*]" = "iPhone Developer";
				GCC_C_LANGUAGE_STANDARD = c99;
				GCC_WARN_ABOUT_RETURN_TYPE = YES;
				GCC_WARN_UNUSED_VARIABLE = YES;
				HEADER_SEARCH_PATHS = "~/Documents/iPhone/Headers";
				INFOPLIST_EXPAND_BUILD_SETTINGS = NO;
				PREBINDING = NO;
				SDKROOT = iphoneos3.0;
			};
			name = Release;
		};
/* End XCBuildConfiguration section */

/* Begin XCConfigurationList section */
		1D6058960D05DD3E006BFB54 /* Build configuration list for PBXNativeTarget "ProSwitcher" */ = {
			isa = XCConfigurationList;
			buildConfigurations = (
				1D6058940D05DD3E006BFB54 /* Debug */,
				9424EAAB10DD12E10063D3D6 /* Debug with SubjC */,
				1D6058950D05DD3E006BFB54 /* Release */,
			);
			defaultConfigurationIsVisible = 0;
			defaultConfigurationName = Release;
		};
		C01FCF4E08A954540054247B /* Build configuration list for PBXProject "ProSwitcher" */ = {
			isa = XCConfigurationList;
			buildConfigurations = (
				C01FCF4F08A954540054247B /* Debug */,
				9424EAAA10DD12E10063D3D6 /* Debug with SubjC */,
				C01FCF5008A954540054247B /* Release */,
			);
			defaultConfigurationIsVisible = 0;
			defaultConfigurationName = Release;
		};
/* End XCConfigurationList section */
	};
	rootObject = 29B97313FDCFA39411CA2CEA /* Project object */;
}
